
Microsoft Visual Studio Solution File, Format Version 12.00
# Visual Studio Version 17
VisualStudioVersion = 17.8.34408.163
MinimumVisualStudioVersion = 10.0.40219.1
Project("{FAE04EC0-301F-11D3-BF4B-00C04F79EFBC}") = "RootkitCoin", "RootkitCoin.csproj", "{0E064234-00EA-4A23-A74C-855A365F4544}"
EndProject
Global
	GlobalSection(SolutionConfigurationPlatforms) = preSolution
		Debug|Any CPU = Debug|Any CPU
		Release|Any CPU = Release|Any CPU
	EndGlobalSection
	GlobalSection(ProjectConfigurationPlatforms) = postSolution
		{0E064234-00EA-4A23-A74C-855A365F4544}.Debug|Any CPU.ActiveCfg = Debug|Any CPU
		{0E064234-00EA-4A23-A74C-855A365F4544}.Debug|Any CPU.Build.0 = Debug|Any CPU
		{0E064234-00EA-4A23-A74C-855A365F4544}.Release|Any CPU.ActiveCfg = Release|Any CPU
		{0E064234-00EA-4A23-A74C-855A365F4544}.Release|Any CPU.Build.0 = Release|Any CPU
	EndGlobalSection
	GlobalSection(SolutionProperties) = preSolution
		HideSolutionNode = FALSE
	EndGlobalSection
	GlobalSection(ExtensibilityGlobals) = postSolution
		SolutionGuid = {E015A9B1-6FB5-417A-8E38-EA2C2EBC444C}
	EndGlobalSection
EndGlobal
